
Microsoft Visual Studio Solution File, Format Version 12.00
# Visual Studio Version 16
VisualStudioVersion = 16.0.30225.117
MinimumVisualStudioVersion = 10.0.40219.1
Project("{FAE04EC0-301F-11D3-BF4B-00C04F79EFBC}") = "ConceptualComponentConverter", "ConceptualComponentConverter\ConceptualComponentConverter.csproj", "{67DD208A-0260-4406-971D-8CBE3127F4C5}"
EndProject
Project("{FAE04EC0-301F-11D3-BF4B-00C04F79EFBC}") = "ConceptualComponentConverterPlugin", "ConceptualComponentConverterPlugin\ConceptualComponentConverterPlugin.csproj", "{2DDD0CE3-14C8-478E-ABDE-4B41F587FF65}"
EndProject
Project("{2150E333-8FDC-42A3-9474-1A3956D46DE8}") = "_TSEP", "_TSEP", "{0DC160C9-B23D-4886-B726-28BB7E488683}"
	ProjectSection(SolutionItems) = preProject
		_TSEP\ConceptualComponentConverter_ComponentCatalog.ac.xml = _TSEP\ConceptualComponentConverter_ComponentCatalog.ac.xml
		_TSEP\et_element_Conceptual Component Converter.bmp = _TSEP\et_element_Conceptual Component Converter.bmp
		_TSEP\Icon.png = _TSEP\Icon.png
		_TSEP\TsepDefinition.xml = _TSEP\TsepDefinition.xml
	EndProjectSection
EndProject
Project("{FAE04EC0-301F-11D3-BF4B-00C04F79EFBC}") = "ConceptualCompConv_Installer", "ConceptualCompConv_Installer\ConceptualCompConv_Installer.csproj", "{C47ECB73-A8A3-43E6-BC0C-FF4D82938817}"
EndProject
Project("{54435603-DBB4-11D2-8724-00A0C9A8B90C}") = "ConceptualComponentConverter_Setup", "ConceptualComponentConverter_Setup\ConceptualComponentConverter_Setup.vdproj", "{177F78A8-5A0F-4A85-9B38-675030525EC9}"
EndProject
Project("{2150E333-8FDC-42A3-9474-1A3956D46DE8}") = "Notes", "Notes", "{B94C56AA-8F4B-488E-9BF1-DF799539651E}"
	ProjectSection(SolutionItems) = preProject
		Readme.txt = Readme.txt
		SignAssemblies.bat = SignAssemblies.bat
		SignSetup.bat = SignSetup.bat
	EndProjectSection
EndProject
Global
	GlobalSection(SolutionConfigurationPlatforms) = preSolution
		Debug|Any CPU = Debug|Any CPU
		Release|Any CPU = Release|Any CPU
	EndGlobalSection
	GlobalSection(ProjectConfigurationPlatforms) = postSolution
		{67DD208A-0260-4406-971D-8CBE3127F4C5}.Debug|Any CPU.ActiveCfg = Debug|Any CPU
		{67DD208A-0260-4406-971D-8CBE3127F4C5}.Debug|Any CPU.Build.0 = Debug|Any CPU
		{67DD208A-0260-4406-971D-8CBE3127F4C5}.Release|Any CPU.ActiveCfg = Release|Any CPU
		{67DD208A-0260-4406-971D-8CBE3127F4C5}.Release|Any CPU.Build.0 = Release|Any CPU
		{2DDD0CE3-14C8-478E-ABDE-4B41F587FF65}.Debug|Any CPU.ActiveCfg = Debug|Any CPU
		{2DDD0CE3-14C8-478E-ABDE-4B41F587FF65}.Debug|Any CPU.Build.0 = Debug|Any CPU
		{2DDD0CE3-14C8-478E-ABDE-4B41F587FF65}.Release|Any CPU.ActiveCfg = Release|Any CPU
		{2DDD0CE3-14C8-478E-ABDE-4B41F587FF65}.Release|Any CPU.Build.0 = Release|Any CPU
		{C47ECB73-A8A3-43E6-BC0C-FF4D82938817}.Debug|Any CPU.ActiveCfg = Debug|Any CPU
		{C47ECB73-A8A3-43E6-BC0C-FF4D82938817}.Debug|Any CPU.Build.0 = Debug|Any CPU
		{C47ECB73-A8A3-43E6-BC0C-FF4D82938817}.Release|Any CPU.ActiveCfg = Release|Any CPU
		{C47ECB73-A8A3-43E6-BC0C-FF4D82938817}.Release|Any CPU.Build.0 = Release|Any CPU
		{177F78A8-5A0F-4A85-9B38-675030525EC9}.Debug|Any CPU.ActiveCfg = Release
		{177F78A8-5A0F-4A85-9B38-675030525EC9}.Release|Any CPU.ActiveCfg = Release
	EndGlobalSection
	GlobalSection(SolutionProperties) = preSolution
		HideSolutionNode = FALSE
	EndGlobalSection
	GlobalSection(ExtensibilityGlobals) = postSolution
		SolutionGuid = {61020C31-04B9-4985-8B53-EFAA4A939869}
	EndGlobalSection
EndGlobal
